
Microsoft Visual Studio Solution File, Format Version 12.00
# Visual Studio 15
VisualStudioVersion = 15.0.28307.1082
MinimumVisualStudioVersion = 10.0.40219.1
Project("{FAE04EC0-301F-11D3-BF4B-00C04F79EFBC}") = "eSyaInventory.DL", "eSyaInventory.DL\eSyaInventory.DL.csproj", "{5138B1BF-EBC2-4EEB-98B5-2388A9FDD558}"
EndProject
Project("{9A19103F-16F7-4668-BE54-9A1E7A4F7556}") = "eSyaMaterial.DL", "eSyaMaterial.DL\eSyaMaterial.DL.csproj", "{2EB6D4CD-6B4A-4C98-9506-364FE38AB4B3}"
EndProject
Global
	GlobalSection(SolutionConfigurationPlatforms) = preSolution
		Debug|Any CPU = Debug|Any CPU
		Release|Any CPU = Release|Any CPU
	EndGlobalSection
	GlobalSection(ProjectConfigurationPlatforms) = postSolution
		{5138B1BF-EBC2-4EEB-98B5-2388A9FDD558}.Debug|Any CPU.ActiveCfg = Debug|Any CPU
		{5138B1BF-EBC2-4EEB-98B5-2388A9FDD558}.Debug|Any CPU.Build.0 = Debug|Any CPU
		{5138B1BF-EBC2-4EEB-98B5-2388A9FDD558}.Release|Any CPU.ActiveCfg = Release|Any CPU
		{5138B1BF-EBC2-4EEB-98B5-2388A9FDD558}.Release|Any CPU.Build.0 = Release|Any CPU
		{2EB6D4CD-6B4A-4C98-9506-364FE38AB4B3}.Debug|Any CPU.ActiveCfg = Debug|Any CPU
		{2EB6D4CD-6B4A-4C98-9506-364FE38AB4B3}.Debug|Any CPU.Build.0 = Debug|Any CPU
		{2EB6D4CD-6B4A-4C98-9506-364FE38AB4B3}.Release|Any CPU.ActiveCfg = Release|Any CPU
		{2EB6D4CD-6B4A-4C98-9506-364FE38AB4B3}.Release|Any CPU.Build.0 = Release|Any CPU
	EndGlobalSection
	GlobalSection(SolutionProperties) = preSolution
		HideSolutionNode = FALSE
	EndGlobalSection
	GlobalSection(ExtensibilityGlobals) = postSolution
		SolutionGuid = {E42DFFBC-D06F-4E3D-AA0B-CEC92D8ADC74}
	EndGlobalSection
EndGlobal
