
Microsoft Visual Studio Solution File, Format Version 12.00
# Visual Studio 15
VisualStudioVersion = 15.0.28307.1082
MinimumVisualStudioVersion = 10.0.40219.1
Project("{FAE04EC0-301F-11D3-BF4B-00C04F79EFBC}") = "eSyaInventory.IF", "eSyaInventory.IF\eSyaInventory.IF.csproj", "{D959CDF7-9EE3-48D7-9FBF-311746E600F6}"
EndProject
Global
	GlobalSection(SolutionConfigurationPlatforms) = preSolution
		Debug|Any CPU = Debug|Any CPU
		Release|Any CPU = Release|Any CPU
	EndGlobalSection
	GlobalSection(ProjectConfigurationPlatforms) = postSolution
		{D959CDF7-9EE3-48D7-9FBF-311746E600F6}.Debug|Any CPU.ActiveCfg = Debug|Any CPU
		{D959CDF7-9EE3-48D7-9FBF-311746E600F6}.Debug|Any CPU.Build.0 = Debug|Any CPU
		{D959CDF7-9EE3-48D7-9FBF-311746E600F6}.Release|Any CPU.ActiveCfg = Release|Any CPU
		{D959CDF7-9EE3-48D7-9FBF-311746E600F6}.Release|Any CPU.Build.0 = Release|Any CPU
	EndGlobalSection
	GlobalSection(SolutionProperties) = preSolution
		HideSolutionNode = FALSE
	EndGlobalSection
	GlobalSection(ExtensibilityGlobals) = postSolution
		SolutionGuid = {1F02CE82-02FE-484A-8FE3-D11296EA3933}
	EndGlobalSection
EndGlobal
